// !$*UTF8*$!
{
	archiveVersion = 1;
	classes = {
	};
	objectVersion = 56;
	objects = {

/* Begin PBXBuildFile section */
		3959F47628C7609500985023 /* AppDelegate.swift in Sources */ = {isa = PBXBuildFile; fileRef = 3959F47528C7609500985023 /* AppDelegate.swift */; };
		3959F47828C7609500985023 /* SceneDelegate.swift in Sources */ = {isa = PBXBuildFile; fileRef = 3959F47728C7609500985023 /* SceneDelegate.swift */; };
		3959F47D28C7609500985023 /* Main.storyboard in Resources */ = {isa = PBXBuildFile; fileRef = 3959F47B28C7609500985023 /* Main.storyboard */; };
		3959F47F28C7609500985023 /* Assets.xcassets in Resources */ = {isa = PBXBuildFile; fileRef = 3959F47E28C7609500985023 /* Assets.xcassets */; };
		3959F48228C7609500985023 /* LaunchScreen.storyboard in Resources */ = {isa = PBXBuildFile; fileRef = 3959F48028C7609500985023 /* LaunchScreen.storyboard */; };
		3959F48D28C7609600985023 /* FlowersReminderTests.swift in Sources */ = {isa = PBXBuildFile; fileRef = 3959F48C28C7609600985023 /* FlowersReminderTests.swift */; };
		3959F49728C7609600985023 /* FlowersReminderUITests.swift in Sources */ = {isa = PBXBuildFile; fileRef = 3959F49628C7609600985023 /* FlowersReminderUITests.swift */; };
		3959F49928C7609600985023 /* FlowersReminderUITestsLaunchTests.swift in Sources */ = {isa = PBXBuildFile; fileRef = 3959F49828C7609600985023 /* FlowersReminderUITestsLaunchTests.swift */; };
		3959F4AD28C77EA300985023 /* TabBar.swift in Sources */ = {isa = PBXBuildFile; fileRef = 3959F4AC28C77EA300985023 /* TabBar.swift */; };
		3959F4AF28C7828200985023 /* ListOfFlowers.swift in Sources */ = {isa = PBXBuildFile; fileRef = 3959F4AE28C7828200985023 /* ListOfFlowers.swift */; };
		3959F4B128C7829B00985023 /* ActiveAlarms.swift in Sources */ = {isa = PBXBuildFile; fileRef = 3959F4B028C7829B00985023 /* ActiveAlarms.swift */; };
		3959F4B328C782A900985023 /* AddNewFlower.swift in Sources */ = {isa = PBXBuildFile; fileRef = 3959F4B228C782A900985023 /* AddNewFlower.swift */; };
		3959F4B528C782B300985023 /* FlowerCard.swift in Sources */ = {isa = PBXBuildFile; fileRef = 3959F4B428C782B300985023 /* FlowerCard.swift */; };
/* End PBXBuildFile section */

/* Begin PBXContainerItemProxy section */
		3959F48928C7609600985023 /* PBXContainerItemProxy */ = {
			isa = PBXContainerItemProxy;
			containerPortal = 3959F46A28C7609500985023 /* Project object */;
			proxyType = 1;
			remoteGlobalIDString = 3959F47128C7609500985023;
			remoteInfo = FlowersReminder;
		};
		3959F49328C7609600985023 /* PBXContainerItemProxy */ = {
			isa = PBXContainerItemProxy;
			containerPortal = 3959F46A28C7609500985023 /* Project object */;
			proxyType = 1;
			remoteGlobalIDString = 3959F47128C7609500985023;
			remoteInfo = FlowersReminder;
		};
/* End PBXContainerItemProxy section */

/* Begin PBXFileReference section */
		3959F47228C7609500985023 /* FlowersReminder.app */ = {isa = PBXFileReference; explicitFileType = wrapper.application; includeInIndex = 0; path = FlowersReminder.app; sourceTree = BUILT_PRODUCTS_DIR; };
		3959F47528C7609500985023 /* AppDelegate.swift */ = {isa = PBXFileReference; lastKnownFileType = sourcecode.swift; path = AppDelegate.swift; sourceTree = "<group>"; };
		3959F47728C7609500985023 /* SceneDelegate.swift */ = {isa = PBXFileReference; lastKnownFileType = sourcecode.swift; path = SceneDelegate.swift; sourceTree = "<group>"; };
		3959F47C28C7609500985023 /* Base */ = {isa = PBXFileReference; lastKnownFileType = file.storyboard; name = Base; path = Base.lproj/Main.storyboard; sourceTree = "<group>"; };
		3959F47E28C7609500985023 /* Assets.xcassets */ = {isa = PBXFileReference; lastKnownFileType = folder.assetcatalog; path = Assets.xcassets; sourceTree = "<group>"; };
		3959F48128C7609500985023 /* Base */ = {isa = PBXFileReference; lastKnownFileType = file.storyboard; name = Base; path = Base.lproj/LaunchScreen.storyboard; sourceTree = "<group>"; };
		3959F48328C7609500985023 /* Info.plist */ = {isa = PBXFileReference; lastKnownFileType = text.plist.xml; path = Info.plist; sourceTree = "<group>"; };
		3959F48828C7609600985023 /* FlowersReminderTests.xctest */ = {isa = PBXFileReference; explicitFileType = wrapper.cfbundle; includeInIndex = 0; path = FlowersReminderTests.xctest; sourceTree = BUILT_PRODUCTS_DIR; };
		3959F48C28C7609600985023 /* FlowersReminderTests.swift */ = {isa = PBXFileReference; lastKnownFileType = sourcecode.swift; path = FlowersReminderTests.swift; sourceTree = "<group>"; };
		3959F49228C7609600985023 /* FlowersReminderUITests.xctest */ = {isa = PBXFileReference; explicitFileType = wrapper.cfbundle; includeInIndex = 0; path = FlowersReminderUITests.xctest; sourceTree = BUILT_PRODUCTS_DIR; };
		3959F49628C7609600985023 /* FlowersReminderUITests.swift */ = {isa = PBXFileReference; lastKnownFileType = sourcecode.swift; path = FlowersReminderUITests.swift; sourceTree = "<group>"; };
		3959F49828C7609600985023 /* FlowersReminderUITestsLaunchTests.swift */ = {isa = PBXFileReference; lastKnownFileType = sourcecode.swift; path = FlowersReminderUITestsLaunchTests.swift; sourceTree = "<group>"; };
		3959F4AC28C77EA300985023 /* TabBar.swift */ = {isa = PBXFileReference; lastKnownFileType = sourcecode.swift; path = TabBar.swift; sourceTree = "<group>"; };
		3959F4AE28C7828200985023 /* ListOfFlowers.swift */ = {isa = PBXFileReference; lastKnownFileType = sourcecode.swift; path = ListOfFlowers.swift; sourceTree = "<group>"; };
		3959F4B028C7829B00985023 /* ActiveAlarms.swift */ = {isa = PBXFileReference; lastKnownFileType = sourcecode.swift; path = ActiveAlarms.swift; sourceTree = "<group>"; };
		3959F4B228C782A900985023 /* AddNewFlower.swift */ = {isa = PBXFileReference; lastKnownFileType = sourcecode.swift; path = AddNewFlower.swift; sourceTree = "<group>"; };
		3959F4B428C782B300985023 /* FlowerCard.swift */ = {isa = PBXFileReference; lastKnownFileType = sourcecode.swift; path = FlowerCard.swift; sourceTree = "<group>"; };
/* End PBXFileReference section */

/* Begin PBXFrameworksBuildPhase section */
		3959F46F28C7609500985023 /* Frameworks */ = {
			isa = PBXFrameworksBuildPhase;
			buildActionMask = 2147483647;
			files = (
			);
			runOnlyForDeploymentPostprocessing = 0;
		};
		3959F48528C7609600985023 /* Frameworks */ = {
			isa = PBXFrameworksBuildPhase;
			buildActionMask = 2147483647;
			files = (
			);
			runOnlyForDeploymentPostprocessing = 0;
		};
		3959F48F28C7609600985023 /* Frameworks */ = {
			isa = PBXFrameworksBuildPhase;
			buildActionMask = 2147483647;
			files = (
			);
			runOnlyForDeploymentPostprocessing = 0;
		};
/* End PBXFrameworksBuildPhase section */

/* Begin PBXGroup section */
		3959F46928C7609500985023 = {
			isa = PBXGroup;
			children = (
				3959F47428C7609500985023 /* FlowersReminder */,
				3959F48B28C7609600985023 /* FlowersReminderTests */,
				3959F49528C7609600985023 /* FlowersReminderUITests */,
				3959F47328C7609500985023 /* Products */,
			);
			sourceTree = "<group>";
		};
		3959F47328C7609500985023 /* Products */ = {
			isa = PBXGroup;
			children = (
				3959F47228C7609500985023 /* FlowersReminder.app */,
				3959F48828C7609600985023 /* FlowersReminderTests.xctest */,
				3959F49228C7609600985023 /* FlowersReminderUITests.xctest */,
			);
			name = Products;
			sourceTree = "<group>";
		};
		3959F47428C7609500985023 /* FlowersReminder */ = {
			isa = PBXGroup;
			children = (
				3959F47528C7609500985023 /* AppDelegate.swift */,
				3959F47728C7609500985023 /* SceneDelegate.swift */,
				3959F4A628C77D3700985023 /* Controllers */,
				3959F4A728C77D4000985023 /* RealmManager */,
				3959F4A528C77D2D00985023 /* Models */,
				3959F4A828C77D4F00985023 /* Resources */,
				3959F48328C7609500985023 /* Info.plist */,
			);
			path = FlowersReminder;
			sourceTree = "<group>";
		};
		3959F48B28C7609600985023 /* FlowersReminderTests */ = {
			isa = PBXGroup;
			children = (
				3959F48C28C7609600985023 /* FlowersReminderTests.swift */,
			);
			path = FlowersReminderTests;
			sourceTree = "<group>";
		};
		3959F49528C7609600985023 /* FlowersReminderUITests */ = {
			isa = PBXGroup;
			children = (
				3959F49628C7609600985023 /* FlowersReminderUITests.swift */,
				3959F49828C7609600985023 /* FlowersReminderUITestsLaunchTests.swift */,
			);
			path = FlowersReminderUITests;
			sourceTree = "<group>";
		};
		3959F4A528C77D2D00985023 /* Models */ = {
			isa = PBXGroup;
			children = (
				3959F4AB28C77D9D00985023 /* Cells */,
				3959F4A928C77D6800985023 /* Alarm */,
				3959F4AA28C77D7100985023 /* Picker */,
			);
			path = Models;
			sourceTree = "<group>";
		};
		3959F4A628C77D3700985023 /* Controllers */ = {
			isa = PBXGroup;
			children = (
				3959F4AC28C77EA300985023 /* TabBar.swift */,
				3959F4AE28C7828200985023 /* ListOfFlowers.swift */,
				3959F4B028C7829B00985023 /* ActiveAlarms.swift */,
				3959F4B228C782A900985023 /* AddNewFlower.swift */,
				3959F4B428C782B300985023 /* FlowerCard.swift */,
			);
			path = Controllers;
			sourceTree = "<group>";
		};
		3959F4A728C77D4000985023 /* RealmManager */ = {
			isa = PBXGroup;
			children = (
			);
			path = RealmManager;
			sourceTree = "<group>";
		};
		3959F4A828C77D4F00985023 /* Resources */ = {
			isa = PBXGroup;
			children = (
				3959F48028C7609500985023 /* LaunchScreen.storyboard */,
				3959F47B28C7609500985023 /* Main.storyboard */,
				3959F47E28C7609500985023 /* Assets.xcassets */,
			);
			path = Resources;
			sourceTree = "<group>";
		};
		3959F4A928C77D6800985023 /* Alarm */ = {
			isa = PBXGroup;
			children = (
			);
			path = Alarm;
			sourceTree = "<group>";
		};
		3959F4AA28C77D7100985023 /* Picker */ = {
			isa = PBXGroup;
			children = (
			);
			path = Picker;
			sourceTree = "<group>";
		};
		3959F4AB28C77D9D00985023 /* Cells */ = {
			isa = PBXGroup;
			children = (
			);
			path = Cells;
			sourceTree = "<group>";
		};
/* End PBXGroup section */

/* Begin PBXNativeTarget section */
		3959F47128C7609500985023 /* FlowersReminder */ = {
			isa = PBXNativeTarget;
			buildConfigurationList = 3959F49C28C7609600985023 /* Build configuration list for PBXNativeTarget "FlowersReminder" */;
			buildPhases = (
				3959F46E28C7609500985023 /* Sources */,
				3959F46F28C7609500985023 /* Frameworks */,
				3959F47028C7609500985023 /* Resources */,
			);
			buildRules = (
			);
			dependencies = (
			);
			name = FlowersReminder;
			productName = FlowersReminder;
			productReference = 3959F47228C7609500985023 /* FlowersReminder.app */;
			productType = "com.apple.product-type.application";
		};
		3959F48728C7609600985023 /* FlowersReminderTests */ = {
			isa = PBXNativeTarget;
			buildConfigurationList = 3959F49F28C7609600985023 /* Build configuration list for PBXNativeTarget "FlowersReminderTests" */;
			buildPhases = (
				3959F48428C7609600985023 /* Sources */,
				3959F48528C7609600985023 /* Frameworks */,
				3959F48628C7609600985023 /* Resources */,
			);
			buildRules = (
			);
			dependencies = (
				3959F48A28C7609600985023 /* PBXTargetDependency */,
			);
			name = FlowersReminderTests;
			productName = FlowersReminderTests;
			productReference = 3959F48828C7609600985023 /* FlowersReminderTests.xctest */;
			productType = "com.apple.product-type.bundle.unit-test";
		};
		3959F49128C7609600985023 /* FlowersReminderUITests */ = {
			isa = PBXNativeTarget;
			buildConfigurationList = 3959F4A228C7609600985023 /* Build configuration list for PBXNativeTarget "FlowersReminderUITests" */;
			buildPhases = (
				3959F48E28C7609600985023 /* Sources */,
				3959F48F28C7609600985023 /* Frameworks */,
				3959F49028C7609600985023 /* Resources */,
			);
			buildRules = (
			);
			dependencies = (
				3959F49428C7609600985023 /* PBXTargetDependency */,
			);
			name = FlowersReminderUITests;
			productName = FlowersReminderUITests;
			productReference = 3959F49228C7609600985023 /* FlowersReminderUITests.xctest */;
			productType = "com.apple.product-type.bundle.ui-testing";
		};
/* End PBXNativeTarget section */

/* Begin PBXProject section */
		3959F46A28C7609500985023 /* Project object */ = {
			isa = PBXProject;
			attributes = {
				BuildIndependentTargetsInParallel = 1;
				LastSwiftUpdateCheck = 1400;
				LastUpgradeCheck = 1400;
				TargetAttributes = {
					3959F47128C7609500985023 = {
						CreatedOnToolsVersion = 14.0;
					};
					3959F48728C7609600985023 = {
						CreatedOnToolsVersion = 14.0;
						TestTargetID = 3959F47128C7609500985023;
					};
					3959F49128C7609600985023 = {
						CreatedOnToolsVersion = 14.0;
						TestTargetID = 3959F47128C7609500985023;
					};
				};
			};
			buildConfigurationList = 3959F46D28C7609500985023 /* Build configuration list for PBXProject "FlowersReminder" */;
			compatibilityVersion = "Xcode 14.0";
			developmentRegion = en;
			hasScannedForEncodings = 0;
			knownRegions = (
				en,
				Base,
			);
			mainGroup = 3959F46928C7609500985023;
			productRefGroup = 3959F47328C7609500985023 /* Products */;
			projectDirPath = "";
			projectRoot = "";
			targets = (
				3959F47128C7609500985023 /* FlowersReminder */,
				3959F48728C7609600985023 /* FlowersReminderTests */,
				3959F49128C7609600985023 /* FlowersReminderUITests */,
			);
		};
/* End PBXProject section */

/* Begin PBXResourcesBuildPhase section */
		3959F47028C7609500985023 /* Resources */ = {
			isa = PBXResourcesBuildPhase;
			buildActionMask = 2147483647;
			files = (
				3959F48228C7609500985023 /* LaunchScreen.storyboard in Resources */,
				3959F47F28C7609500985023 /* Assets.xcassets in Resources */,
				3959F47D28C7609500985023 /* Main.storyboard in Resources */,
			);
			runOnlyForDeploymentPostprocessing = 0;
		};
		3959F48628C7609600985023 /* Resources */ = {
			isa = PBXResourcesBuildPhase;
			buildActionMask = 2147483647;
			files = (
			);
			runOnlyForDeploymentPostprocessing = 0;
		};
		3959F49028C7609600985023 /* Resources */ = {
			isa = PBXResourcesBuildPhase;
			buildActionMask = 2147483647;
			files = (
			);
			runOnlyForDeploymentPostprocessing = 0;
		};
/* End PBXResourcesBuildPhase section */

/* Begin PBXSourcesBuildPhase section */
		3959F46E28C7609500985023 /* Sources */ = {
			isa = PBXSourcesBuildPhase;
			buildActionMask = 2147483647;
			files = (
				3959F4AD28C77EA300985023 /* TabBar.swift in Sources */,
				3959F4B528C782B300985023 /* FlowerCard.swift in Sources */,
				3959F4B328C782A900985023 /* AddNewFlower.swift in Sources */,
				3959F4AF28C7828200985023 /* ListOfFlowers.swift in Sources */,
				3959F4B128C7829B00985023 /* ActiveAlarms.swift in Sources */,
				3959F47628C7609500985023 /* AppDelegate.swift in Sources */,
				3959F47828C7609500985023 /* SceneDelegate.swift in Sources */,
			);
			runOnlyForDeploymentPostprocessing = 0;
		};
		3959F48428C7609600985023 /* Sources */ = {
			isa = PBXSourcesBuildPhase;
			buildActionMask = 2147483647;
			files = (
				3959F48D28C7609600985023 /* FlowersReminderTests.swift in Sources */,
			);
			runOnlyForDeploymentPostprocessing = 0;
		};
		3959F48E28C7609600985023 /* Sources */ = {
			isa = PBXSourcesBuildPhase;
			buildActionMask = 2147483647;
			files = (
				3959F49728C7609600985023 /* FlowersReminderUITests.swift in Sources */,
				3959F49928C7609600985023 /* FlowersReminderUITestsLaunchTests.swift in Sources */,
			);
			runOnlyForDeploymentPostprocessing = 0;
		};
/* End PBXSourcesBuildPhase section */

/* Begin PBXTargetDependency section */
		3959F48A28C7609600985023 /* PBXTargetDependency */ = {
			isa = PBXTargetDependency;
			target = 3959F47128C7609500985023 /* FlowersReminder */;
			targetProxy = 3959F48928C7609600985023 /* PBXContainerItemProxy */;
		};
		3959F49428C7609600985023 /* PBXTargetDependency */ = {
			isa = PBXTargetDependency;
			target = 3959F47128C7609500985023 /* FlowersReminder */;
			targetProxy = 3959F49328C7609600985023 /* PBXContainerItemProxy */;
		};
/* End PBXTargetDependency section */

/* Begin PBXVariantGroup section */
		3959F47B28C7609500985023 /* Main.storyboard */ = {
			isa = PBXVariantGroup;
			children = (
				3959F47C28C7609500985023 /* Base */,
			);
			name = Main.storyboard;
			sourceTree = "<group>";
		};
		3959F48028C7609500985023 /* LaunchScreen.storyboard */ = {
			isa = PBXVariantGroup;
			children = (
				3959F48128C7609500985023 /* Base */,
			);
			name = LaunchScreen.storyboard;
			sourceTree = "<group>";
		};
/* End PBXVariantGroup section */

/* Begin XCBuildConfiguration section */
		3959F49A28C7609600985023 /* Debug */ = {
			isa = XCBuildConfiguration;
			buildSettings = {
				ALWAYS_SEARCH_USER_PATHS = NO;
				CLANG_ANALYZER_NONNULL = YES;
				CLANG_ANALYZER_NUMBER_OBJECT_CONVERSION = YES_AGGRESSIVE;
				CLANG_CXX_LANGUAGE_STANDARD = "gnu++20";
				CLANG_ENABLE_MODULES = YES;
				CLANG_ENABLE_OBJC_ARC = YES;
				CLANG_ENABLE_OBJC_WEAK = YES;
				CLANG_WARN_BLOCK_CAPTURE_AUTORELEASING = YES;
				CLANG_WARN_BOOL_CONVERSION = YES;
				CLANG_WARN_COMMA = YES;
				CLANG_WARN_CONSTANT_CONVERSION = YES;
				CLANG_WARN_DEPRECATED_OBJC_IMPLEMENTATIONS = YES;
				CLANG_WARN_DIRECT_OBJC_ISA_USAGE = YES_ERROR;
				CLANG_WARN_DOCUMENTATION_COMMENTS = YES;
				CLANG_WARN_EMPTY_BODY = YES;
				CLANG_WARN_ENUM_CONVERSION = YES;
				CLANG_WARN_INFINITE_RECURSION = YES;
				CLANG_WARN_INT_CONVERSION = YES;
				CLANG_WARN_NON_LITERAL_NULL_CONVERSION = YES;
				CLANG_WARN_OBJC_IMPLICIT_RETAIN_SELF = YES;
				CLANG_WARN_OBJC_LITERAL_CONVERSION = YES;
				CLANG_WARN_OBJC_ROOT_CLASS = YES_ERROR;
				CLANG_WARN_QUOTED_INCLUDE_IN_FRAMEWORK_HEADER = YES;
				CLANG_WARN_RANGE_LOOP_ANALYSIS = YES;
				CLANG_WARN_STRICT_PROTOTYPES = YES;
				CLANG_WARN_SUSPICIOUS_MOVE = YES;
				CLANG_WARN_UNGUARDED_AVAILABILITY = YES_AGGRESSIVE;
				CLANG_WARN_UNREACHABLE_CODE = YES;
				CLANG_WARN__DUPLICATE_METHOD_MATCH = YES;
				COPY_PHASE_STRIP = NO;
				DEBUG_INFORMATION_FORMAT = dwarf;
				ENABLE_STRICT_OBJC_MSGSEND = YES;
				ENABLE_TESTABILITY = YES;
				GCC_C_LANGUAGE_STANDARD = gnu11;
				GCC_DYNAMIC_NO_PIC = NO;
				GCC_NO_COMMON_BLOCKS = YES;
				GCC_OPTIMIZATION_LEVEL = 0;
				GCC_PREPROCESSOR_DEFINITIONS = (
					"DEBUG=1",
					"$(inherited)",
				);
				GCC_WARN_64_TO_32_BIT_CONVERSION = YES;
				GCC_WARN_ABOUT_RETURN_TYPE = YES_ERROR;
				GCC_WARN_UNDECLARED_SELECTOR = YES;
				GCC_WARN_UNINITIALIZED_AUTOS = YES_AGGRESSIVE;
				GCC_WARN_UNUSED_FUNCTION = YES;
				GCC_WARN_UNUSED_VARIABLE = YES;
				IPHONEOS_DEPLOYMENT_TARGET = 16.0;
				MTL_ENABLE_DEBUG_INFO = INCLUDE_SOURCE;
				MTL_FAST_MATH = YES;
				ONLY_ACTIVE_ARCH = YES;
				SDKROOT = iphoneos;
				SWIFT_ACTIVE_COMPILATION_CONDITIONS = DEBUG;
				SWIFT_OPTIMIZATION_LEVEL = "-Onone";
			};
			name = Debug;
		};
		3959F49B28C7609600985023 /* Release */ = {
			isa = XCBuildConfiguration;
			buildSettings = {
				ALWAYS_SEARCH_USER_PATHS = NO;
				CLANG_ANALYZER_NONNULL = YES;
				CLANG_ANALYZER_NUMBER_OBJECT_CONVERSION = YES_AGGRESSIVE;
				CLANG_CXX_LANGUAGE_STANDARD = "gnu++20";
				CLANG_ENABLE_MODULES = YES;
				CLANG_ENABLE_OBJC_ARC = YES;
				CLANG_ENABLE_OBJC_WEAK = YES;
				CLANG_WARN_BLOCK_CAPTURE_AUTORELEASING = YES;
				CLANG_WARN_BOOL_CONVERSION = YES;
				CLANG_WARN_COMMA = YES;
				CLANG_WARN_CONSTANT_CONVERSION = YES;
				CLANG_WARN_DEPRECATED_OBJC_IMPLEMENTATIONS = YES;
				CLANG_WARN_DIRECT_OBJC_ISA_USAGE = YES_ERROR;
				CLANG_WARN_DOCUMENTATION_COMMENTS = YES;
				CLANG_WARN_EMPTY_BODY = YES;
				CLANG_WARN_ENUM_CONVERSION = YES;
				CLANG_WARN_INFINITE_RECURSION = YES;
				CLANG_WARN_INT_CONVERSION = YES;
				CLANG_WARN_NON_LITERAL_NULL_CONVERSION = YES;
				CLANG_WARN_OBJC_IMPLICIT_RETAIN_SELF = YES;
				CLANG_WARN_OBJC_LITERAL_CONVERSION = YES;
				CLANG_WARN_OBJC_ROOT_CLASS = YES_ERROR;
				CLANG_WARN_QUOTED_INCLUDE_IN_FRAMEWORK_HEADER = YES;
				CLANG_WARN_RANGE_LOOP_ANALYSIS = YES;
				CLANG_WARN_STRICT_PROTOTYPES = YES;
				CLANG_WARN_SUSPICIOUS_MOVE = YES;
				CLANG_WARN_UNGUARDED_AVAILABILITY = YES_AGGRESSIVE;
				CLANG_WARN_UNREACHABLE_CODE = YES;
				CLANG_WARN__DUPLICATE_METHOD_MATCH = YES;
				COPY_PHASE_STRIP = NO;
				DEBUG_INFORMATION_FORMAT = "dwarf-with-dsym";
				ENABLE_NS_ASSERTIONS = NO;
				ENABLE_STRICT_OBJC_MSGSEND = YES;
				GCC_C_LANGUAGE_STANDARD = gnu11;
				GCC_NO_COMMON_BLOCKS = YES;
				GCC_WARN_64_TO_32_BIT_CONVERSION = YES;
				GCC_WARN_ABOUT_RETURN_TYPE = YES_ERROR;
				GCC_WARN_UNDECLARED_SELECTOR = YES;
				GCC_WARN_UNINITIALIZED_AUTOS = YES_AGGRESSIVE;
				GCC_WARN_UNUSED_FUNCTION = YES;
				GCC_WARN_UNUSED_VARIABLE = YES;
				IPHONEOS_DEPLOYMENT_TARGET = 16.0;
				MTL_ENABLE_DEBUG_INFO = NO;
				MTL_FAST_MATH = YES;
				SDKROOT = iphoneos;
				SWIFT_COMPILATION_MODE = wholemodule;
				SWIFT_OPTIMIZATION_LEVEL = "-O";
				VALIDATE_PRODUCT = YES;
			};
			name = Release;
		};
		3959F49D28C7609600985023 /* Debug */ = {
			isa = XCBuildConfiguration;
			buildSettings = {
				ASSETCATALOG_COMPILER_APPICON_NAME = AppIcon;
				ASSETCATALOG_COMPILER_GLOBAL_ACCENT_COLOR_NAME = AccentColor;
				CODE_SIGN_STYLE = Automatic;
				CURRENT_PROJECT_VERSION = 1;
				DEVELOPMENT_TEAM = Z77PMGH233;
				GENERATE_INFOPLIST_FILE = YES;
				INFOPLIST_FILE = FlowersReminder/Info.plist;
				INFOPLIST_KEY_UIApplicationSupportsIndirectInputEvents = YES;
				INFOPLIST_KEY_UILaunchStoryboardName = LaunchScreen;
				INFOPLIST_KEY_UIMainStoryboardFile = Main;
				INFOPLIST_KEY_UISupportedInterfaceOrientations_iPhone = UIInterfaceOrientationPortrait;
				INFOPLIST_KEY_UIUserInterfaceStyle = Light;
				IPHONEOS_DEPLOYMENT_TARGET = 15.0;
				LD_RUNPATH_SEARCH_PATHS = (
					"$(inherited)",
					"@executable_path/Frameworks",
				);
				MARKETING_VERSION = 1.0;
				PRODUCT_BUNDLE_IDENTIFIER = com.AV.FlowersReminder;
				PRODUCT_NAME = "$(TARGET_NAME)";
				SWIFT_EMIT_LOC_STRINGS = YES;
				SWIFT_VERSION = 5.0;
				TARGETED_DEVICE_FAMILY = "1,2";
			};
			name = Debug;
		};
		3959F49E28C7609600985023 /* Release */ = {
			isa = XCBuildConfiguration;
			buildSettings = {
				ASSETCATALOG_COMPILER_APPICON_NAME = AppIcon;
				ASSETCATALOG_COMPILER_GLOBAL_ACCENT_COLOR_NAME = AccentColor;
				CODE_SIGN_STYLE = Automatic;
				CURRENT_PROJECT_VERSION = 1;
				DEVELOPMENT_TEAM = Z77PMGH233;
				GENERATE_INFOPLIST_FILE = YES;
				INFOPLIST_FILE = FlowersReminder/Info.plist;
				INFOPLIST_KEY_UIApplicationSupportsIndirectInputEvents = YES;
				INFOPLIST_KEY_UILaunchStoryboardName = LaunchScreen;
				INFOPLIST_KEY_UIMainStoryboardFile = Main;
				INFOPLIST_KEY_UISupportedInterfaceOrientations_iPhone = UIInterfaceOrientationPortrait;
				INFOPLIST_KEY_UIUserInterfaceStyle = Light;
				IPHONEOS_DEPLOYMENT_TARGET = 15.0;
				LD_RUNPATH_SEARCH_PATHS = (
					"$(inherited)",
					"@executable_path/Frameworks",
				);
				MARKETING_VERSION = 1.0;
				PRODUCT_BUNDLE_IDENTIFIER = com.AV.FlowersReminder;
				PRODUCT_NAME = "$(TARGET_NAME)";
				SWIFT_EMIT_LOC_STRINGS = YES;
				SWIFT_VERSION = 5.0;
				TARGETED_DEVICE_FAMILY = "1,2";
			};
			name = Release;
		};
		3959F4A028C7609600985023 /* Debug */ = {
			isa = XCBuildConfiguration;
			buildSettings = {
				ALWAYS_EMBED_SWIFT_STANDARD_LIBRARIES = YES;
				BUNDLE_LOADER = "$(TEST_HOST)";
				CODE_SIGN_STYLE = Automatic;
				CURRENT_PROJECT_VERSION = 1;
				DEVELOPMENT_TEAM = Z77PMGH233;
				GENERATE_INFOPLIST_FILE = YES;
				IPHONEOS_DEPLOYMENT_TARGET = 16.0;
				MARKETING_VERSION = 1.0;
				PRODUCT_BUNDLE_IDENTIFIER = com.AV.FlowersReminderTests;
				PRODUCT_NAME = "$(TARGET_NAME)";
				SWIFT_EMIT_LOC_STRINGS = NO;
				SWIFT_VERSION = 5.0;
				TARGETED_DEVICE_FAMILY = "1,2";
				TEST_HOST = "$(BUILT_PRODUCTS_DIR)/FlowersReminder.app/$(BUNDLE_EXECUTABLE_FOLDER_PATH)/FlowersReminder";
			};
			name = Debug;
		};
		3959F4A128C7609600985023 /* Release */ = {
			isa = XCBuildConfiguration;
			buildSettings = {
				ALWAYS_EMBED_SWIFT_STANDARD_LIBRARIES = YES;
				BUNDLE_LOADER = "$(TEST_HOST)";
				CODE_SIGN_STYLE = Automatic;
				CURRENT_PROJECT_VERSION = 1;
				DEVELOPMENT_TEAM = Z77PMGH233;
				GENERATE_INFOPLIST_FILE = YES;
				IPHONEOS_DEPLOYMENT_TARGET = 16.0;
				MARKETING_VERSION = 1.0;
				PRODUCT_BUNDLE_IDENTIFIER = com.AV.FlowersReminderTests;
				PRODUCT_NAME = "$(TARGET_NAME)";
				SWIFT_EMIT_LOC_STRINGS = NO;
				SWIFT_VERSION = 5.0;
				TARGETED_DEVICE_FAMILY = "1,2";
				TEST_HOST = "$(BUILT_PRODUCTS_DIR)/FlowersReminder.app/$(BUNDLE_EXECUTABLE_FOLDER_PATH)/FlowersReminder";
			};
			name = Release;
		};
		3959F4A328C7609600985023 /* Debug */ = {
			isa = XCBuildConfiguration;
			buildSettings = {
				ALWAYS_EMBED_SWIFT_STANDARD_LIBRARIES = YES;
				CODE_SIGN_STYLE = Automatic;
				CURRENT_PROJECT_VERSION = 1;
				DEVELOPMENT_TEAM = Z77PMGH233;
				GENERATE_INFOPLIST_FILE = YES;
				MARKETING_VERSION = 1.0;
				PRODUCT_BUNDLE_IDENTIFIER = com.AV.FlowersReminderUITests;
				PRODUCT_NAME = "$(TARGET_NAME)";
				SWIFT_EMIT_LOC_STRINGS = NO;
				SWIFT_VERSION = 5.0;
				TARGETED_DEVICE_FAMILY = "1,2";
				TEST_TARGET_NAME = FlowersReminder;
			};
			name = Debug;
		};
		3959F4A428C7609600985023 /* Release */ = {
			isa = XCBuildConfiguration;
			buildSettings = {
				ALWAYS_EMBED_SWIFT_STANDARD_LIBRARIES = YES;
				CODE_SIGN_STYLE = Automatic;
				CURRENT_PROJECT_VERSION = 1;
				DEVELOPMENT_TEAM = Z77PMGH233;
				GENERATE_INFOPLIST_FILE = YES;
				MARKETING_VERSION = 1.0;
				PRODUCT_BUNDLE_IDENTIFIER = com.AV.FlowersReminderUITests;
				PRODUCT_NAME = "$(TARGET_NAME)";
				SWIFT_EMIT_LOC_STRINGS = NO;
				SWIFT_VERSION = 5.0;
				TARGETED_DEVICE_FAMILY = "1,2";
				TEST_TARGET_NAME = FlowersReminder;
			};
			name = Release;
		};
/* End XCBuildConfiguration section */

/* Begin XCConfigurationList section */
		3959F46D28C7609500985023 /* Build configuration list for PBXProject "FlowersReminder" */ = {
			isa = XCConfigurationList;
			buildConfigurations = (
				3959F49A28C7609600985023 /* Debug */,
				3959F49B28C7609600985023 /* Release */,
			);
			defaultConfigurationIsVisible = 0;
			defaultConfigurationName = Release;
		};
		3959F49C28C7609600985023 /* Build configuration list for PBXNativeTarget "FlowersReminder" */ = {
			isa = XCConfigurationList;
			buildConfigurations = (
				3959F49D28C7609600985023 /* Debug */,
				3959F49E28C7609600985023 /* Release */,
			);
			defaultConfigurationIsVisible = 0;
			defaultConfigurationName = Release;
		};
		3959F49F28C7609600985023 /* Build configuration list for PBXNativeTarget "FlowersReminderTests" */ = {
			isa = XCConfigurationList;
			buildConfigurations = (
				3959F4A028C7609600985023 /* Debug */,
				3959F4A128C7609600985023 /* Release */,
			);
			defaultConfigurationIsVisible = 0;
			defaultConfigurationName = Release;
		};
		3959F4A228C7609600985023 /* Build configuration list for PBXNativeTarget "FlowersReminderUITests" */ = {
			isa = XCConfigurationList;
			buildConfigurations = (
				3959F4A328C7609600985023 /* Debug */,
				3959F4A428C7609600985023 /* Release */,
			);
			defaultConfigurationIsVisible = 0;
			defaultConfigurationName = Release;
		};
/* End XCConfigurationList section */
	};
	rootObject = 3959F46A28C7609500985023 /* Project object */;
}
